
Microsoft Visual Studio Solution File, Format Version 12.00
# Visual Studio Version 16
VisualStudioVersion = 16.0.28803.452
MinimumVisualStudioVersion = 10.0.40219.1
Project("{FAE04EC0-301F-11D3-BF4B-00C04F79EFBC}") = "MessV3", "MessV3\MessV3.csproj", "{DB5A39E5-C7D6-4771-ABF2-A69DE392C162}"
EndProject
Project("{FAE04EC0-301F-11D3-BF4B-00C04F79EFBC}") = "MessV3Library", "MessV3Library\MessV3Library.csproj", "{7CE03812-2967-4DE1-80F6-BDF371673629}"
EndProject
Project("{FAE04EC0-301F-11D3-BF4B-00C04F79EFBC}") = "MessV3Server", "MessV3Server\MessV3Server.csproj", "{809175CF-E188-4CCA-BB70-7889C97AF3BE}"
EndProject
Global
	GlobalSection(SolutionConfigurationPlatforms) = preSolution
		Debug|Any CPU = Debug|Any CPU
		Release|Any CPU = Release|Any CPU
	EndGlobalSection
	GlobalSection(ProjectConfigurationPlatforms) = postSolution
		{DB5A39E5-C7D6-4771-ABF2-A69DE392C162}.Debug|Any CPU.ActiveCfg = Debug|Any CPU
		{DB5A39E5-C7D6-4771-ABF2-A69DE392C162}.Debug|Any CPU.Build.0 = Debug|Any CPU
		{DB5A39E5-C7D6-4771-ABF2-A69DE392C162}.Release|Any CPU.ActiveCfg = Release|Any CPU
		{DB5A39E5-C7D6-4771-ABF2-A69DE392C162}.Release|Any CPU.Build.0 = Release|Any CPU
		{7CE03812-2967-4DE1-80F6-BDF371673629}.Debug|Any CPU.ActiveCfg = Debug|Any CPU
		{7CE03812-2967-4DE1-80F6-BDF371673629}.Debug|Any CPU.Build.0 = Debug|Any CPU
		{7CE03812-2967-4DE1-80F6-BDF371673629}.Release|Any CPU.ActiveCfg = Release|Any CPU
		{7CE03812-2967-4DE1-80F6-BDF371673629}.Release|Any CPU.Build.0 = Release|Any CPU
		{809175CF-E188-4CCA-BB70-7889C97AF3BE}.Debug|Any CPU.ActiveCfg = Debug|Any CPU
		{809175CF-E188-4CCA-BB70-7889C97AF3BE}.Debug|Any CPU.Build.0 = Debug|Any CPU
		{809175CF-E188-4CCA-BB70-7889C97AF3BE}.Release|Any CPU.ActiveCfg = Release|Any CPU
		{809175CF-E188-4CCA-BB70-7889C97AF3BE}.Release|Any CPU.Build.0 = Release|Any CPU
	EndGlobalSection
	GlobalSection(SolutionProperties) = preSolution
		HideSolutionNode = FALSE
	EndGlobalSection
	GlobalSection(ExtensibilityGlobals) = postSolution
		SolutionGuid = {937354D1-A0BF-48A8-A81B-DF52E76854AE}
	EndGlobalSection
EndGlobal
